
Microsoft Visual Studio Solution File, Format Version 12.00
# Visual Studio Version 16
VisualStudioVersion = 16.0.29728.190
MinimumVisualStudioVersion = 10.0.40219.1
Project("{FAE04EC0-301F-11D3-BF4B-00C04F79EFBC}") = "ClassSamBuh", "ClassSamBuh\ClassSamBuh.csproj", "{89A82ED7-596E-44A3-97D7-1D35ED4B068A}"
EndProject
Project("{FAE04EC0-301F-11D3-BF4B-00C04F79EFBC}") = "SamBuhCMD", "SamBuhCMD\SamBuhCMD.csproj", "{1B98F238-7337-4CC6-AD2A-1A153E8AF33E}"
EndProject
Global
	GlobalSection(SolutionConfigurationPlatforms) = preSolution
		Debug|Any CPU = Debug|Any CPU
		Release|Any CPU = Release|Any CPU
	EndGlobalSection
	GlobalSection(ProjectConfigurationPlatforms) = postSolution
		{89A82ED7-596E-44A3-97D7-1D35ED4B068A}.Debug|Any CPU.ActiveCfg = Debug|Any CPU
		{89A82ED7-596E-44A3-97D7-1D35ED4B068A}.Debug|Any CPU.Build.0 = Debug|Any CPU
		{89A82ED7-596E-44A3-97D7-1D35ED4B068A}.Release|Any CPU.ActiveCfg = Release|Any CPU
		{89A82ED7-596E-44A3-97D7-1D35ED4B068A}.Release|Any CPU.Build.0 = Release|Any CPU
		{1B98F238-7337-4CC6-AD2A-1A153E8AF33E}.Debug|Any CPU.ActiveCfg = Debug|Any CPU
		{1B98F238-7337-4CC6-AD2A-1A153E8AF33E}.Debug|Any CPU.Build.0 = Debug|Any CPU
		{1B98F238-7337-4CC6-AD2A-1A153E8AF33E}.Release|Any CPU.ActiveCfg = Release|Any CPU
		{1B98F238-7337-4CC6-AD2A-1A153E8AF33E}.Release|Any CPU.Build.0 = Release|Any CPU
	EndGlobalSection
	GlobalSection(SolutionProperties) = preSolution
		HideSolutionNode = FALSE
	EndGlobalSection
	GlobalSection(ExtensibilityGlobals) = postSolution
		SolutionGuid = {987C228C-906C-493C-B4AC-747BD432700B}
	EndGlobalSection
EndGlobal
